GEM
  remote: https://rubygems.org/
  specs:
    benchmark (0.5.0)
    colorize (1.1.0)
    date (3.5.0)
    debug (1.11.0)
      irb (~> 1.10)
      reline (>= 0.3.8)
    erb (6.0.0)
    faraday (2.14.0)
      faraday-net_http (>= 2.0, < 3.5)
      json
      logger
    faraday-net_http (3.4.2)
      net-http (~> 0.5)
    io-console (0.8.1)
    irb (1.15.3)
      pp (>= 0.6.0)
      rdoc (>= 4.0.0)
      reline (>= 0.4.2)
    json (2.17.1)
    logger (1.7.0)
    matrix (0.4.3)
    net-http (0.8.0)
      uri (>= 0.11.1)
    or-tools (0.16.1)
      rice (>= 4.7)
    pp (0.6.3)
      prettyprint
    prettyprint (0.2.0)
    psych (5.2.6)
      date
      stringio
    rdoc (6.15.1)
      erb
      psych (>= 4.0.0)
      tsort
    reline (0.6.3)
      io-console (~> 0.5)
    rice (4.7.1)
    stringio (3.1.8)
    tsort (0.2.0)
    uri (1.1.1)

PLATFORMS
  arm64-darwin-24
  ruby

DEPENDENCIES
  benchmark
  colorize
  debug
  faraday
  matrix
  or-tools

RUBY VERSION
   ruby 3.4.6p54

BUNDLED WITH
   2.7.2
